
Microsoft Visual Studio Solution File, Format Version 12.00
# Visual Studio Version 17
VisualStudioVersion = 17.11.35327.3
MinimumVisualStudioVersion = 10.0.40219.1
Project("{FAE04EC0-301F-11D3-BF4B-00C04F79EFBC}") = "dating-app-backend", "dating-app-backend.csproj", "{DDDE4C93-A9F0-4384-AAF2-2B6469EC9362}"
EndProject
Global
	GlobalSection(SolutionConfigurationPlatforms) = preSolution
		Debug|Any CPU = Debug|Any CPU
		Release|Any CPU = Release|Any CPU
	EndGlobalSection
	GlobalSection(ProjectConfigurationPlatforms) = postSolution
		{DDDE4C93-A9F0-4384-AAF2-2B6469EC9362}.Debug|Any CPU.ActiveCfg = Debug|Any CPU
		{DDDE4C93-A9F0-4384-AAF2-2B6469EC9362}.Debug|Any CPU.Build.0 = Debug|Any CPU
		{DDDE4C93-A9F0-4384-AAF2-2B6469EC9362}.Release|Any CPU.ActiveCfg = Release|Any CPU
		{DDDE4C93-A9F0-4384-AAF2-2B6469EC9362}.Release|Any CPU.Build.0 = Release|Any CPU
	EndGlobalSection
	GlobalSection(SolutionProperties) = preSolution
		HideSolutionNode = FALSE
	EndGlobalSection
	GlobalSection(ExtensibilityGlobals) = postSolution
		SolutionGuid = {B3443A16-2A9B-4EF3-A0FE-69E25E6AA9FA}
	EndGlobalSection
EndGlobal
